// !$*UTF8*$!
{
	archiveVersion = 1;
	classes = {
	};
	objectVersion = 46;
	objects = {

/* Begin PBXBuildFile section */
		49107CB21F2913E5003BE3C2 /* RecipeCell.swift in Sources */ = {isa = PBXBuildFile; fileRef = 49107CB11F2913E5003BE3C2 /* RecipeCell.swift */; };
		49107CB51F2A559E003BE3C2 /* RecipeStepsCell.swift in Sources */ = {isa = PBXBuildFile; fileRef = 49107CB41F2A559E003BE3C2 /* RecipeStepsCell.swift */; };
		49107CB71F2A55B0003BE3C2 /* RecipeIngredientsCell.swift in Sources */ = {isa = PBXBuildFile; fileRef = 49107CB61F2A55B0003BE3C2 /* RecipeIngredientsCell.swift */; };
		49107CBB1F2A8058003BE3C2 /* IngredientsSectionHeaderView.xib in Resources */ = {isa = PBXBuildFile; fileRef = 49107CBA1F2A8058003BE3C2 /* IngredientsSectionHeaderView.xib */; };
		49107CBD1F2B760F003BE3C2 /* IngredientsSectionHeaderView.swift in Sources */ = {isa = PBXBuildFile; fileRef = 49107CBC1F2B760F003BE3C2 /* IngredientsSectionHeaderView.swift */; };
		49107CBF1F2B8910003BE3C2 /* StepsSectionHeaderView.xib in Resources */ = {isa = PBXBuildFile; fileRef = 49107CBE1F2B8910003BE3C2 /* StepsSectionHeaderView.xib */; };
		49107CC11F2B8925003BE3C2 /* StepsSectionHeaderView.swift in Sources */ = {isa = PBXBuildFile; fileRef = 49107CC01F2B8925003BE3C2 /* StepsSectionHeaderView.swift */; };
		49107CC41F2FC580003BE3C2 /* SectionFooterView.xib in Resources */ = {isa = PBXBuildFile; fileRef = 49107CC31F2FC580003BE3C2 /* SectionFooterView.xib */; };
		49107CC81F30D54E003BE3C2 /* AddRecipeHeaderView.xib in Resources */ = {isa = PBXBuildFile; fileRef = 49107CC71F30D54E003BE3C2 /* AddRecipeHeaderView.xib */; };
		49107CCA1F30F01C003BE3C2 /* AddRecipeHeaderView.swift in Sources */ = {isa = PBXBuildFile; fileRef = 49107CC91F30F01C003BE3C2 /* AddRecipeHeaderView.swift */; };
		49107CCC1F322485003BE3C2 /* SectionFooterView.swift in Sources */ = {isa = PBXBuildFile; fileRef = 49107CCB1F322485003BE3C2 /* SectionFooterView.swift */; };
		49107CCE1F335AE7003BE3C2 /* NibLoading.swift in Sources */ = {isa = PBXBuildFile; fileRef = 49107CCD1F335AE7003BE3C2 /* NibLoading.swift */; };
		49135F891F3CC95100613634 /* RealmHelper.swift in Sources */ = {isa = PBXBuildFile; fileRef = 49135F881F3CC95100613634 /* RealmHelper.swift */; };
		4960A4AE1F3CA5F70099AB5B /* Recipe.swift in Sources */ = {isa = PBXBuildFile; fileRef = 4960A4AD1F3CA5F70099AB5B /* Recipe.swift */; };
		49B39CA71F3E1C1A009E954C /* RecipePhotoHelper.swift in Sources */ = {isa = PBXBuildFile; fileRef = 49B39CA61F3E1C1A009E954C /* RecipePhotoHelper.swift */; };
		49B39CAD1F45DC74009E954C /* ReadService.swift in Sources */ = {isa = PBXBuildFile; fileRef = 49B39CAC1F45DC74009E954C /* ReadService.swift */; };
		49F57E3E1F212683004C82DB /* AppDelegate.swift in Sources */ = {isa = PBXBuildFile; fileRef = 49F57E3D1F212683004C82DB /* AppDelegate.swift */; };
		49F57E431F212683004C82DB /* Main.storyboard in Resources */ = {isa = PBXBuildFile; fileRef = 49F57E411F212683004C82DB /* Main.storyboard */; };
		49F57E451F212683004C82DB /* Assets.xcassets in Resources */ = {isa = PBXBuildFile; fileRef = 49F57E441F212683004C82DB /* Assets.xcassets */; };
		49F57E481F212683004C82DB /* LaunchScreen.storyboard in Resources */ = {isa = PBXBuildFile; fileRef = 49F57E461F212683004C82DB /* LaunchScreen.storyboard */; };
		49F57E541F2649AE004C82DB /* RecipeViewController.swift in Sources */ = {isa = PBXBuildFile; fileRef = 49F57E531F2649AE004C82DB /* RecipeViewController.swift */; };
		49F57E5E1F278888004C82DB /* RecipesCollectionViewController.swift in Sources */ = {isa = PBXBuildFile; fileRef = 49F57E5D1F278888004C82DB /* RecipesCollectionViewController.swift */; };
		7CFDD4F64A51783D2730C770 /* Pods_CookinReader.framework in Frameworks */ = {isa = PBXBuildFile; fileRef = AD0B18B2CCBDB5D85CFA00CF /* Pods_CookinReader.framework */; };
/* End PBXBuildFile section */

/* Begin PBXFileReference section */
		1A79A4C6C72C155461F18D47 /* Pods-CookinReader.release.xcconfig */ = {isa = PBXFileReference; includeInIndex = 1; lastKnownFileType = text.xcconfig; name = "Pods-CookinReader.release.xcconfig"; path = "Pods/Target Support Files/Pods-CookinReader/Pods-CookinReader.release.xcconfig"; sourceTree = "<group>"; };
		49107CB11F2913E5003BE3C2 /* RecipeCell.swift */ = {isa = PBXFileReference; fileEncoding = 4; lastKnownFileType = sourcecode.swift; name = RecipeCell.swift; path = CookinReader/RecipeCell.swift; sourceTree = "<group>"; };
		49107CB41F2A559E003BE3C2 /* RecipeStepsCell.swift */ = {isa = PBXFileReference; fileEncoding = 4; lastKnownFileType = sourcecode.swift; name = RecipeStepsCell.swift; path = CookinReader/RecipeStepsCell.swift; sourceTree = "<group>"; };
		49107CB61F2A55B0003BE3C2 /* RecipeIngredientsCell.swift */ = {isa = PBXFileReference; fileEncoding = 4; lastKnownFileType = sourcecode.swift; name = RecipeIngredientsCell.swift; path = CookinReader/RecipeIngredientsCell.swift; sourceTree = "<group>"; };
		49107CBA1F2A8058003BE3C2 /* IngredientsSectionHeaderView.xib */ = {isa = PBXFileReference; fileEncoding = 4; lastKnownFileType = file.xib; path = IngredientsSectionHeaderView.xib; sourceTree = "<group>"; };
		49107CBC1F2B760F003BE3C2 /* IngredientsSectionHeaderView.swift */ = {isa = PBXFileReference; fileEncoding = 4; lastKnownFileType = sourcecode.swift; path = IngredientsSectionHeaderView.swift; sourceTree = "<group>"; };
		49107CBE1F2B8910003BE3C2 /* StepsSectionHeaderView.xib */ = {isa = PBXFileReference; fileEncoding = 4; lastKnownFileType = file.xib; path = StepsSectionHeaderView.xib; sourceTree = "<group>"; };
		49107CC01F2B8925003BE3C2 /* StepsSectionHeaderView.swift */ = {isa = PBXFileReference; fileEncoding = 4; lastKnownFileType = sourcecode.swift; path = StepsSectionHeaderView.swift; sourceTree = "<group>"; };
		49107CC31F2FC580003BE3C2 /* SectionFooterView.xib */ = {isa = PBXFileReference; fileEncoding = 4; lastKnownFileType = file.xib; path = SectionFooterView.xib; sourceTree = "<group>"; };
		49107CC71F30D54E003BE3C2 /* AddRecipeHeaderView.xib */ = {isa = PBXFileReference; fileEncoding = 4; lastKnownFileType = file.xib; path = AddRecipeHeaderView.xib; sourceTree = "<group>"; };
		49107CC91F30F01C003BE3C2 /* AddRecipeHeaderView.swift */ = {isa = PBXFileReference; fileEncoding = 4; lastKnownFileType = sourcecode.swift; path = AddRecipeHeaderView.swift; sourceTree = "<group>"; };
		49107CCB1F322485003BE3C2 /* SectionFooterView.swift */ = {isa = PBXFileReference; fileEncoding = 4; lastKnownFileType = sourcecode.swift; path = SectionFooterView.swift; sourceTree = "<group>"; };
		49107CCD1F335AE7003BE3C2 /* NibLoading.swift */ = {isa = PBXFileReference; fileEncoding = 4; lastKnownFileType = sourcecode.swift; path = NibLoading.swift; sourceTree = "<group>"; };
		49135F881F3CC95100613634 /* RealmHelper.swift */ = {isa = PBXFileReference; fileEncoding = 4; lastKnownFileType = sourcecode.swift; path = RealmHelper.swift; sourceTree = "<group>"; };
		4960A4AD1F3CA5F70099AB5B /* Recipe.swift */ = {isa = PBXFileReference; fileEncoding = 4; lastKnownFileType = sourcecode.swift; path = Recipe.swift; sourceTree = "<group>"; };
		49B39CA61F3E1C1A009E954C /* RecipePhotoHelper.swift */ = {isa = PBXFileReference; fileEncoding = 4; lastKnownFileType = sourcecode.swift; path = RecipePhotoHelper.swift; sourceTree = "<group>"; };
		49B39CAC1F45DC74009E954C /* ReadService.swift */ = {isa = PBXFileReference; fileEncoding = 4; lastKnownFileType = sourcecode.swift; path = ReadService.swift; sourceTree = "<group>"; };
		49F57E3A1F212683004C82DB /* CookinReader.app */ = {isa = PBXFileReference; explicitFileType = wrapper.application; includeInIndex = 0; path = CookinReader.app; sourceTree = BUILT_PRODUCTS_DIR; };
		49F57E3D1F212683004C82DB /* AppDelegate.swift */ = {isa = PBXFileReference; lastKnownFileType = sourcecode.swift; path = AppDelegate.swift; sourceTree = "<group>"; };
		49F57E421F212683004C82DB /* Base */ = {isa = PBXFileReference; lastKnownFileType = file.storyboard; name = Base; path = Base.lproj/Main.storyboard; sourceTree = "<group>"; };
		49F57E441F212683004C82DB /* Assets.xcassets */ = {isa = PBXFileReference; lastKnownFileType = folder.assetcatalog; path = Assets.xcassets; sourceTree = "<group>"; };
		49F57E471F212683004C82DB /* Base */ = {isa = PBXFileReference; lastKnownFileType = file.storyboard; name = Base; path = Base.lproj/LaunchScreen.storyboard; sourceTree = "<group>"; };
		49F57E491F212683004C82DB /* Info.plist */ = {isa = PBXFileReference; lastKnownFileType = text.plist.xml; path = Info.plist; sourceTree = "<group>"; };
		49F57E531F2649AE004C82DB /* RecipeViewController.swift */ = {isa = PBXFileReference; fileEncoding = 4; lastKnownFileType = sourcecode.swift; path = RecipeViewController.swift; sourceTree = "<group>"; };
		49F57E5D1F278888004C82DB /* RecipesCollectionViewController.swift */ = {isa = PBXFileReference; fileEncoding = 4; lastKnownFileType = sourcecode.swift; path = RecipesCollectionViewController.swift; sourceTree = "<group>"; };
		AD0B18B2CCBDB5D85CFA00CF /* Pods_CookinReader.framework */ = {isa = PBXFileReference; explicitFileType = wrapper.framework; includeInIndex = 0; path = Pods_CookinReader.framework; sourceTree = BUILT_PRODUCTS_DIR; };
		FBEA36ADFE29E9D6F03EA0C9 /* Pods-CookinReader.debug.xcconfig */ = {isa = PBXFileReference; includeInIndex = 1; lastKnownFileType = text.xcconfig; name = "Pods-CookinReader.debug.xcconfig"; path = "Pods/Target Support Files/Pods-CookinReader/Pods-CookinReader.debug.xcconfig"; sourceTree = "<group>"; };
/* End PBXFileReference section */

/* Begin PBXFrameworksBuildPhase section */
		49F57E371F212683004C82DB /* Frameworks */ = {
			isa = PBXFrameworksBuildPhase;
			buildActionMask = 2147483647;
			files = (
				7CFDD4F64A51783D2730C770 /* Pods_CookinReader.framework in Frameworks */,
			);
			runOnlyForDeploymentPostprocessing = 0;
		};
/* End PBXFrameworksBuildPhase section */

/* Begin PBXGroup section */
		49107CB31F2913EB003BE3C2 /* View */ = {
			isa = PBXGroup;
			children = (
				49107CB11F2913E5003BE3C2 /* RecipeCell.swift */,
				49107CB61F2A55B0003BE3C2 /* RecipeIngredientsCell.swift */,
				49107CB41F2A559E003BE3C2 /* RecipeStepsCell.swift */,
			);
			name = View;
			path = ..;
			sourceTree = "<group>";
		};
		49107CC21F2B8D2A003BE3C2 /* Nib Files */ = {
			isa = PBXGroup;
			children = (
				49107CCD1F335AE7003BE3C2 /* NibLoading.swift */,
				49107CC71F30D54E003BE3C2 /* AddRecipeHeaderView.xib */,
				49107CC91F30F01C003BE3C2 /* AddRecipeHeaderView.swift */,
				49107CBA1F2A8058003BE3C2 /* IngredientsSectionHeaderView.xib */,
				49107CBC1F2B760F003BE3C2 /* IngredientsSectionHeaderView.swift */,
				49107CBE1F2B8910003BE3C2 /* StepsSectionHeaderView.xib */,
				49107CC01F2B8925003BE3C2 /* StepsSectionHeaderView.swift */,
				49107CC31F2FC580003BE3C2 /* SectionFooterView.xib */,
				49107CCB1F322485003BE3C2 /* SectionFooterView.swift */,
			);
			name = "Nib Files";
			sourceTree = "<group>";
		};
		49F57E311F212683004C82DB = {
			isa = PBXGroup;
			children = (
				49F57E3C1F212683004C82DB /* CookinReader */,
				49F57E3B1F212683004C82DB /* Products */,
				B642A5CFE7FAFE6CEDA23D6B /* Pods */,
				CC693C0ABF1EEEB7C93F1AC0 /* Frameworks */,
			);
			sourceTree = "<group>";
		};
		49F57E3B1F212683004C82DB /* Products */ = {
			isa = PBXGroup;
			children = (
				49F57E3A1F212683004C82DB /* CookinReader.app */,
			);
			name = Products;
			sourceTree = "<group>";
		};
		49F57E3C1F212683004C82DB /* CookinReader */ = {
			isa = PBXGroup;
			children = (
				49F57E3D1F212683004C82DB /* AppDelegate.swift */,
				49F57E411F212683004C82DB /* Main.storyboard */,
				49107CB31F2913EB003BE3C2 /* View */,
				49F57E581F264C8B004C82DB /* View Controllers */,
				49F57E571F264C7A004C82DB /* Models */,
				49F57E5C1F278641004C82DB /* Services */,
				49107CC21F2B8D2A003BE3C2 /* Nib Files */,
				49F57E441F212683004C82DB /* Assets.xcassets */,
				49B39CA61F3E1C1A009E954C /* RecipePhotoHelper.swift */,
				49F57E5B1F278621004C82DB /* Supporting Files */,
				49135F881F3CC95100613634 /* RealmHelper.swift */,
			);
			path = CookinReader;
			sourceTree = "<group>";
		};
		49F57E571F264C7A004C82DB /* Models */ = {
			isa = PBXGroup;
			children = (
				4960A4AD1F3CA5F70099AB5B /* Recipe.swift */,
			);
			name = Models;
			sourceTree = "<group>";
		};
		49F57E581F264C8B004C82DB /* View Controllers */ = {
			isa = PBXGroup;
			children = (
				49F57E5D1F278888004C82DB /* RecipesCollectionViewController.swift */,
				49F57E531F2649AE004C82DB /* RecipeViewController.swift */,
			);
			name = "View Controllers";
			sourceTree = "<group>";
		};
		49F57E5B1F278621004C82DB /* Supporting Files */ = {
			isa = PBXGroup;
			children = (
				49F57E461F212683004C82DB /* LaunchScreen.storyboard */,
				49F57E491F212683004C82DB /* Info.plist */,
			);
			name = "Supporting Files";
			sourceTree = "<group>";
		};
		49F57E5C1F278641004C82DB /* Services */ = {
			isa = PBXGroup;
			children = (
				49B39CAC1F45DC74009E954C /* ReadService.swift */,
			);
			name = Services;
			sourceTree = "<group>";
		};
		B642A5CFE7FAFE6CEDA23D6B /* Pods */ = {
			isa = PBXGroup;
			children = (
				FBEA36ADFE29E9D6F03EA0C9 /* Pods-CookinReader.debug.xcconfig */,
				1A79A4C6C72C155461F18D47 /* Pods-CookinReader.release.xcconfig */,
			);
			name = Pods;
			sourceTree = "<group>";
		};
		CC693C0ABF1EEEB7C93F1AC0 /* Frameworks */ = {
			isa = PBXGroup;
			children = (
				AD0B18B2CCBDB5D85CFA00CF /* Pods_CookinReader.framework */,
			);
			name = Frameworks;
			sourceTree = "<group>";
		};
/* End PBXGroup section */

/* Begin PBXNativeTarget section */
		49F57E391F212683004C82DB /* CookinReader */ = {
			isa = PBXNativeTarget;
			buildConfigurationList = 49F57E4C1F212683004C82DB /* Build configuration list for PBXNativeTarget "CookinReader" */;
			buildPhases = (
				E6A2628B499442EEF32F95CF /* [CP] Check Pods Manifest.lock */,
				49F57E361F212683004C82DB /* Sources */,
				49F57E371F212683004C82DB /* Frameworks */,
				49F57E381F212683004C82DB /* Resources */,
				361DF9C1620E6233C545F77D /* [CP] Embed Pods Frameworks */,
				CA0CB91E9C7BE59340C7C7E5 /* [CP] Copy Pods Resources */,
			);
			buildRules = (
			);
			dependencies = (
			);
			name = CookinReader;
			productName = CookinReader;
			productReference = 49F57E3A1F212683004C82DB /* CookinReader.app */;
			productType = "com.apple.product-type.application";
		};
/* End PBXNativeTarget section */

/* Begin PBXProject section */
		49F57E321F212683004C82DB /* Project object */ = {
			isa = PBXProject;
			attributes = {
				LastSwiftUpdateCheck = 0830;
				LastUpgradeCheck = 0830;
				ORGANIZATIONNAME = None;
				TargetAttributes = {
					49F57E391F212683004C82DB = {
						CreatedOnToolsVersion = 8.3.3;
						DevelopmentTeam = A44F5WGJN6;
						ProvisioningStyle = Automatic;
					};
				};
			};
			buildConfigurationList = 49F57E351F212683004C82DB /* Build configuration list for PBXProject "CookinReader" */;
			compatibilityVersion = "Xcode 3.2";
			developmentRegion = English;
			hasScannedForEncodings = 0;
			knownRegions = (
				en,
				Base,
			);
			mainGroup = 49F57E311F212683004C82DB;
			productRefGroup = 49F57E3B1F212683004C82DB /* Products */;
			projectDirPath = "";
			projectRoot = "";
			targets = (
				49F57E391F212683004C82DB /* CookinReader */,
			);
		};
/* End PBXProject section */

/* Begin PBXResourcesBuildPhase section */
		49F57E381F212683004C82DB /* Resources */ = {
			isa = PBXResourcesBuildPhase;
			buildActionMask = 2147483647;
			files = (
				49107CBB1F2A8058003BE3C2 /* IngredientsSectionHeaderView.xib in Resources */,
				49F57E481F212683004C82DB /* LaunchScreen.storyboard in Resources */,
				49107CC41F2FC580003BE3C2 /* SectionFooterView.xib in Resources */,
				49107CBF1F2B8910003BE3C2 /* StepsSectionHeaderView.xib in Resources */,
				49107CC81F30D54E003BE3C2 /* AddRecipeHeaderView.xib in Resources */,
				49F57E451F212683004C82DB /* Assets.xcassets in Resources */,
				49F57E431F212683004C82DB /* Main.storyboard in Resources */,
			);
			runOnlyForDeploymentPostprocessing = 0;
		};
/* End PBXResourcesBuildPhase section */

/* Begin PBXShellScriptBuildPhase section */
		361DF9C1620E6233C545F77D /* [CP] Embed Pods Frameworks */ = {
			isa = PBXShellScriptBuildPhase;
			buildActionMask = 2147483647;
			files = (
			);
			inputPaths = (
			);
			name = "[CP] Embed Pods Frameworks";
			outputPaths = (
			);
			runOnlyForDeploymentPostprocessing = 0;
			shellPath = /bin/sh;
			shellScript = "\"${SRCROOT}/Pods/Target Support Files/Pods-CookinReader/Pods-CookinReader-frameworks.sh\"\n";
			showEnvVarsInLog = 0;
		};
		CA0CB91E9C7BE59340C7C7E5 /* [CP] Copy Pods Resources */ = {
			isa = PBXShellScriptBuildPhase;
			buildActionMask = 2147483647;
			files = (
			);
			inputPaths = (
			);
			name = "[CP] Copy Pods Resources";
			outputPaths = (
			);
			runOnlyForDeploymentPostprocessing = 0;
			shellPath = /bin/sh;
			shellScript = "\"${SRCROOT}/Pods/Target Support Files/Pods-CookinReader/Pods-CookinReader-resources.sh\"\n";
			showEnvVarsInLog = 0;
		};
		E6A2628B499442EEF32F95CF /* [CP] Check Pods Manifest.lock */ = {
			isa = PBXShellScriptBuildPhase;
			buildActionMask = 2147483647;
			files = (
			);
			inputPaths = (
			);
			name = "[CP] Check Pods Manifest.lock";
			outputPaths = (
			);
			runOnlyForDeploymentPostprocessing = 0;
			shellPath = /bin/sh;
			shellScript = "diff \"${PODS_PODFILE_DIR_PATH}/Podfile.lock\" \"${PODS_ROOT}/Manifest.lock\" > /dev/null\nif [ $? != 0 ] ; then\n    # print error to STDERR\n    echo \"error: The sandbox is not in sync with the Podfile.lock. Run 'pod install' or update your CocoaPods installation.\" >&2\n    exit 1\nfi\n";
			showEnvVarsInLog = 0;
		};
/* End PBXShellScriptBuildPhase section */

/* Begin PBXSourcesBuildPhase section */
		49F57E361F212683004C82DB /* Sources */ = {
			isa = PBXSourcesBuildPhase;
			buildActionMask = 2147483647;
			files = (
				49F57E5E1F278888004C82DB /* RecipesCollectionViewController.swift in Sources */,
				49135F891F3CC95100613634 /* RealmHelper.swift in Sources */,
				49B39CAD1F45DC74009E954C /* ReadService.swift in Sources */,
				49107CC11F2B8925003BE3C2 /* StepsSectionHeaderView.swift in Sources */,
				49B39CA71F3E1C1A009E954C /* RecipePhotoHelper.swift in Sources */,
				49107CCC1F322485003BE3C2 /* SectionFooterView.swift in Sources */,
				49107CB21F2913E5003BE3C2 /* RecipeCell.swift in Sources */,
				49107CCA1F30F01C003BE3C2 /* AddRecipeHeaderView.swift in Sources */,
				49F57E3E1F212683004C82DB /* AppDelegate.swift in Sources */,
				49F57E541F2649AE004C82DB /* RecipeViewController.swift in Sources */,
				4960A4AE1F3CA5F70099AB5B /* Recipe.swift in Sources */,
				49107CBD1F2B760F003BE3C2 /* IngredientsSectionHeaderView.swift in Sources */,
				49107CCE1F335AE7003BE3C2 /* NibLoading.swift in Sources */,
				49107CB71F2A55B0003BE3C2 /* RecipeIngredientsCell.swift in Sources */,
				49107CB51F2A559E003BE3C2 /* RecipeStepsCell.swift in Sources */,
			);
			runOnlyForDeploymentPostprocessing = 0;
		};
/* End PBXSourcesBuildPhase section */

/* Begin PBXVariantGroup section */
		49F57E411F212683004C82DB /* Main.storyboard */ = {
			isa = PBXVariantGroup;
			children = (
				49F57E421F212683004C82DB /* Base */,
			);
			name = Main.storyboard;
			sourceTree = "<group>";
		};
		49F57E461F212683004C82DB /* LaunchScreen.storyboard */ = {
			isa = PBXVariantGroup;
			children = (
				49F57E471F212683004C82DB /* Base */,
			);
			name = LaunchScreen.storyboard;
			sourceTree = "<group>";
		};
/* End PBXVariantGroup section */

/* Begin XCBuildConfiguration section */
		49F57E4A1F212683004C82DB /* Debug */ = {
			isa = XCBuildConfiguration;
			buildSettings = {
				ALWAYS_SEARCH_USER_PATHS = NO;
				CLANG_ANALYZER_NONNULL = YES;
				CLANG_ANALYZER_NUMBER_OBJECT_CONVERSION = YES_AGGRESSIVE;
				CLANG_CXX_LANGUAGE_STANDARD = "gnu++0x";
				CLANG_CXX_LIBRARY = "libc++";
				CLANG_ENABLE_MODULES = YES;
				CLANG_ENABLE_OBJC_ARC = YES;
				CLANG_WARN_BOOL_CONVERSION = YES;
				CLANG_WARN_CONSTANT_CONVERSION = YES;
				CLANG_WARN_DIRECT_OBJC_ISA_USAGE = YES_ERROR;
				CLANG_WARN_DOCUMENTATION_COMMENTS = YES;
				CLANG_WARN_EMPTY_BODY = YES;
				CLANG_WARN_ENUM_CONVERSION = YES;
				CLANG_WARN_INFINITE_RECURSION = YES;
				CLANG_WARN_INT_CONVERSION = YES;
				CLANG_WARN_OBJC_ROOT_CLASS = YES_ERROR;
				CLANG_WARN_SUSPICIOUS_MOVE = YES;
				CLANG_WARN_UNREACHABLE_CODE = YES;
				CLANG_WARN__DUPLICATE_METHOD_MATCH = YES;
				"CODE_SIGN_IDENTITY[sdk=iphoneos*]" = "iPhone Developer";
				COPY_PHASE_STRIP = NO;
				DEBUG_INFORMATION_FORMAT = dwarf;
				ENABLE_STRICT_OBJC_MSGSEND = YES;
				ENABLE_TESTABILITY = YES;
				GCC_C_LANGUAGE_STANDARD = gnu99;
				GCC_DYNAMIC_NO_PIC = NO;
				GCC_NO_COMMON_BLOCKS = YES;
				GCC_OPTIMIZATION_LEVEL = 0;
				GCC_PREPROCESSOR_DEFINITIONS = (
					"DEBUG=1",
					"$(inherited)",
				);
				GCC_WARN_64_TO_32_BIT_CONVERSION = YES;
				GCC_WARN_ABOUT_RETURN_TYPE = YES_ERROR;
				GCC_WARN_UNDECLARED_SELECTOR = YES;
				GCC_WARN_UNINITIALIZED_AUTOS = YES_AGGRESSIVE;
				GCC_WARN_UNUSED_FUNCTION = YES;
				GCC_WARN_UNUSED_VARIABLE = YES;
				IPHONEOS_DEPLOYMENT_TARGET = 10.3;
				MTL_ENABLE_DEBUG_INFO = YES;
				ONLY_ACTIVE_ARCH = YES;
				SDKROOT = iphoneos;
				SWIFT_ACTIVE_COMPILATION_CONDITIONS = DEBUG;
				SWIFT_OPTIMIZATION_LEVEL = "-Onone";
			};
			name = Debug;
		};
		49F57E4B1F212683004C82DB /* Release */ = {
			isa = XCBuildConfiguration;
			buildSettings = {
				ALWAYS_SEARCH_USER_PATHS = NO;
				CLANG_ANALYZER_NONNULL = YES;
				CLANG_ANALYZER_NUMBER_OBJECT_CONVERSION = YES_AGGRESSIVE;
				CLANG_CXX_LANGUAGE_STANDARD = "gnu++0x";
				CLANG_CXX_LIBRARY = "libc++";
				CLANG_ENABLE_MODULES = YES;
				CLANG_ENABLE_OBJC_ARC = YES;
				CLANG_WARN_BOOL_CONVERSION = YES;
				CLANG_WARN_CONSTANT_CONVERSION = YES;
				CLANG_WARN_DIRECT_OBJC_ISA_USAGE = YES_ERROR;
				CLANG_WARN_DOCUMENTATION_COMMENTS = YES;
				CLANG_WARN_EMPTY_BODY = YES;
				CLANG_WARN_ENUM_CONVERSION = YES;
				CLANG_WARN_INFINITE_RECURSION = YES;
				CLANG_WARN_INT_CONVERSION = YES;
				CLANG_WARN_OBJC_ROOT_CLASS = YES_ERROR;
				CLANG_WARN_SUSPICIOUS_MOVE = YES;
				CLANG_WARN_UNREACHABLE_CODE = YES;
				CLANG_WARN__DUPLICATE_METHOD_MATCH = YES;
				"CODE_SIGN_IDENTITY[sdk=iphoneos*]" = "iPhone Developer";
				COPY_PHASE_STRIP = NO;
				DEBUG_INFORMATION_FORMAT = "dwarf-with-dsym";
				ENABLE_NS_ASSERTIONS = NO;
				ENABLE_STRICT_OBJC_MSGSEND = YES;
				GCC_C_LANGUAGE_STANDARD = gnu99;
				GCC_NO_COMMON_BLOCKS = YES;
				GCC_WARN_64_TO_32_BIT_CONVERSION = YES;
				GCC_WARN_ABOUT_RETURN_TYPE = YES_ERROR;
				GCC_WARN_UNDECLARED_SELECTOR = YES;
				GCC_WARN_UNINITIALIZED_AUTOS = YES_AGGRESSIVE;
				GCC_WARN_UNUSED_FUNCTION = YES;
				GCC_WARN_UNUSED_VARIABLE = YES;
				IPHONEOS_DEPLOYMENT_TARGET = 10.3;
				MTL_ENABLE_DEBUG_INFO = NO;
				SDKROOT = iphoneos;
				SWIFT_OPTIMIZATION_LEVEL = "-Owholemodule";
				VALIDATE_PRODUCT = YES;
			};
			name = Release;
		};
		49F57E4D1F212683004C82DB /* Debug */ = {
			isa = XCBuildConfiguration;
			baseConfigurationReference = FBEA36ADFE29E9D6F03EA0C9 /* Pods-CookinReader.debug.xcconfig */;
			buildSettings = {
				ASSETCATALOG_COMPILER_APPICON_NAME = AppIcon;
				DEVELOPMENT_TEAM = A44F5WGJN6;
				INFOPLIST_FILE = CookinReader/Info.plist;
				LD_RUNPATH_SEARCH_PATHS = "$(inherited) @executable_path/Frameworks";
				PRODUCT_BUNDLE_IDENTIFIER = com.mirahmed.CookinReader;
				PRODUCT_NAME = "$(TARGET_NAME)";
				SWIFT_VERSION = 3.0;
			};
			name = Debug;
		};
		49F57E4E1F212683004C82DB /* Release */ = {
			isa = XCBuildConfiguration;
			baseConfigurationReference = 1A79A4C6C72C155461F18D47 /* Pods-CookinReader.release.xcconfig */;
			buildSettings = {
				ASSETCATALOG_COMPILER_APPICON_NAME = AppIcon;
				DEVELOPMENT_TEAM = A44F5WGJN6;
				INFOPLIST_FILE = CookinReader/Info.plist;
				LD_RUNPATH_SEARCH_PATHS = "$(inherited) @executable_path/Frameworks";
				PRODUCT_BUNDLE_IDENTIFIER = com.mirahmed.CookinReader;
				PRODUCT_NAME = "$(TARGET_NAME)";
				SWIFT_VERSION = 3.0;
			};
			name = Release;
		};
/* End XCBuildConfiguration section */

/* Begin XCConfigurationList section */
		49F57E351F212683004C82DB /* Build configuration list for PBXProject "CookinReader" */ = {
			isa = XCConfigurationList;
			buildConfigurations = (
				49F57E4A1F212683004C82DB /* Debug */,
				49F57E4B1F212683004C82DB /* Release */,
			);
			defaultConfigurationIsVisible = 0;
			defaultConfigurationName = Release;
		};
		49F57E4C1F212683004C82DB /* Build configuration list for PBXNativeTarget "CookinReader" */ = {
			isa = XCConfigurationList;
			buildConfigurations = (
				49F57E4D1F212683004C82DB /* Debug */,
				49F57E4E1F212683004C82DB /* Release */,
			);
			defaultConfigurationIsVisible = 0;
			defaultConfigurationName = Release;
		};
/* End XCConfigurationList section */
	};
	rootObject = 49F57E321F212683004C82DB /* Project object */;
}
